
Microsoft Visual Studio Solution File, Format Version 12.00
# Visual Studio 15
VisualStudioVersion = 15.0.27703.2042
MinimumVisualStudioVersion = 10.0.40219.1
Project("{FAE04EC0-301F-11D3-BF4B-00C04F79EFBC}") = "VentanaLogin2", "VentanaLogin2\VentanaLogin2.csproj", "{84FCEA18-5AFB-4773-919A-388CCC68AF64}"
EndProject
Global
	GlobalSection(SolutionConfigurationPlatforms) = preSolution
		Debug|Any CPU = Debug|Any CPU
		Release|Any CPU = Release|Any CPU
	EndGlobalSection
	GlobalSection(ProjectConfigurationPlatforms) = postSolution
		{84FCEA18-5AFB-4773-919A-388CCC68AF64}.Debug|Any CPU.ActiveCfg = Debug|Any CPU
		{84FCEA18-5AFB-4773-919A-388CCC68AF64}.Debug|Any CPU.Build.0 = Debug|Any CPU
		{84FCEA18-5AFB-4773-919A-388CCC68AF64}.Release|Any CPU.ActiveCfg = Release|Any CPU
		{84FCEA18-5AFB-4773-919A-388CCC68AF64}.Release|Any CPU.Build.0 = Release|Any CPU
	EndGlobalSection
	GlobalSection(SolutionProperties) = preSolution
		HideSolutionNode = FALSE
	EndGlobalSection
	GlobalSection(ExtensibilityGlobals) = postSolution
		SolutionGuid = {9F41FAE3-942A-4581-B88E-354E39BF2FBF}
	EndGlobalSection
EndGlobal
